
Microsoft Visual Studio Solution File, Format Version 12.00
# Visual Studio Version 17
VisualStudioVersion = 17.14.37012.4 d17.14
MinimumVisualStudioVersion = 10.0.40219.1
Project("{FAE04EC0-301F-11D3-BF4B-00C04F79EFBC}") = "GrowlerFrit", "GrowlerFrit\GrowlerFrit.csproj", "{FFBA2A32-A0E4-1F80-41A2-C30EF1B8A7C4}"
EndProject
Global
	GlobalSection(SolutionConfigurationPlatforms) = preSolution
		Debug|Any CPU = Debug|Any CPU
		Release|Any CPU = Release|Any CPU
	EndGlobalSection
	GlobalSection(ProjectConfigurationPlatforms) = postSolution
		{FFBA2A32-A0E4-1F80-41A2-C30EF1B8A7C4}.Debug|Any CPU.ActiveCfg = Debug|Any CPU
		{FFBA2A32-A0E4-1F80-41A2-C30EF1B8A7C4}.Debug|Any CPU.Build.0 = Debug|Any CPU
		{FFBA2A32-A0E4-1F80-41A2-C30EF1B8A7C4}.Release|Any CPU.ActiveCfg = Release|Any CPU
		{FFBA2A32-A0E4-1F80-41A2-C30EF1B8A7C4}.Release|Any CPU.Build.0 = Release|Any CPU
	EndGlobalSection
	GlobalSection(SolutionProperties) = preSolution
		HideSolutionNode = FALSE
	EndGlobalSection
	GlobalSection(ExtensibilityGlobals) = postSolution
		SolutionGuid = {C0B83D09-D4EA-4642-98C3-12F96313ADD8}
	EndGlobalSection
EndGlobal
